# This file is automatically @generated by Cargo.
# It is not intended for manual editing.
version = 4

[[package]]
name = "dependencies"
version = "0.0.0"
dependencies = [
 "semver 1.0.0",
 "semver 1.0.24 (registry+https://github.com/rust-lang/crates.io-index)",
 "semver 1.0.24 (git+http://github.com/dtolnay/semver?branch=master)",
]

[[package]]
name = "semver"
version = "1.0.0"
source = "git+https://github.com/dtolnay/semver?tag=1.0.0#a2ce5777dcd455246e4650e36dde8e2e96fcb3fd"

[[package]]
name = "semver"
version = "1.0.24"
source = "registry+https://github.com/rust-lang/crates.io-index"
checksum = "3cb6eb87a131f756572d7fb904f6e7b68633f09cca868c5df1c4b8d1a694bbba"

[[package]]
name = "semver"
version = "1.0.24"
source = "git+http://github.com/dtolnay/semver?branch=master#6f4069dd66f437361631d076b4226dc540a08d12"
