# This file is automatically @generated by Cargo.
# It is not intended for manual editing.
version = 4

[[package]]
name = "dependencies"
version = "0.0.0"
dependencies = [
 "semver 1.0.0",
 "semver 1.0.27 (registry+https://github.com/rust-lang/crates.io-index)",
 "semver 1.0.27 (git+http://github.com/dtolnay/semver?branch=master)",
]

[[package]]
name = "semver"
version = "1.0.0"
source = "git+https://github.com/dtolnay/semver?tag=1.0.0#a2ce5777dcd455246e4650e36dde8e2e96fcb3fd"

[[package]]
name = "semver"
version = "1.0.27"
source = "registry+https://github.com/rust-lang/crates.io-index"
checksum = "d767eb0aabc880b29956c35734170f26ed551a859dbd361d140cdbeca61ab1e2"

[[package]]
name = "semver"
version = "1.0.27"
source = "git+http://github.com/dtolnay/semver?branch=master#4527d590945520b976c8e24b6691c11deb232a5d"
